
Microsoft Visual Studio Solution File, Format Version 12.00
# Visual Studio Version 17
VisualStudioVersion = 17.2.32630.192
MinimumVisualStudioVersion = 10.0.40219.1
Project("{FAE04EC0-301F-11D3-BF4B-00C04F79EFBC}") = "GravitySnail", "GravitySnail.csproj", "{00279A9B-9A95-47E3-A45E-F41DCC7506F8}"
EndProject
Global
	GlobalSection(SolutionConfigurationPlatforms) = preSolution
		Debug|Any CPU = Debug|Any CPU
		Release|Any CPU = Release|Any CPU
	EndGlobalSection
	GlobalSection(ProjectConfigurationPlatforms) = postSolution
		{00279A9B-9A95-47E3-A45E-F41DCC7506F8}.Debug|Any CPU.ActiveCfg = Debug|Any CPU
		{00279A9B-9A95-47E3-A45E-F41DCC7506F8}.Debug|Any CPU.Build.0 = Debug|Any CPU
		{00279A9B-9A95-47E3-A45E-F41DCC7506F8}.Release|Any CPU.ActiveCfg = Release|Any CPU
		{00279A9B-9A95-47E3-A45E-F41DCC7506F8}.Release|Any CPU.Build.0 = Release|Any CPU
	EndGlobalSection
	GlobalSection(SolutionProperties) = preSolution
		HideSolutionNode = FALSE
	EndGlobalSection
	GlobalSection(ExtensibilityGlobals) = postSolution
		SolutionGuid = {78DDA3DB-8E82-49D3-86BA-AB377B5064EA}
	EndGlobalSection
EndGlobal
